
Microsoft Visual Studio Solution File, Format Version 12.00
# Visual Studio Version 16
VisualStudioVersion = 16.0.31019.35
MinimumVisualStudioVersion = 10.0.40219.1
Project("{FAE04EC0-301F-11D3-BF4B-00C04F79EFBC}") = "ColdStartChallenge.DriverApp.UWP", "ColdStartChallenge.DriverApp\ColdStartChallenge.DriverApp.UWP\ColdStartChallenge.DriverApp.UWP.csproj", "{5E02DF0D-0FBD-482D-931A-6EE66E068F51}"
EndProject
Project("{FAE04EC0-301F-11D3-BF4B-00C04F79EFBC}") = "ColdStartChallenge.DriverApp.Android", "ColdStartChallenge.DriverApp\ColdStartChallenge.DriverApp.Android\ColdStartChallenge.DriverApp.Android.csproj", "{DB65709E-741B-40C0-BAEF-F9B0F0D38A6E}"
EndProject
Project("{FAE04EC0-301F-11D3-BF4B-00C04F79EFBC}") = "ColdStartChallenge.DriverApp.iOS", "ColdStartChallenge.DriverApp\ColdStartChallenge.DriverApp.iOS\ColdStartChallenge.DriverApp.iOS.csproj", "{A5CF5937-0B1B-44A1-A589-9938FA4252C3}"
EndProject
Project("{FAE04EC0-301F-11D3-BF4B-00C04F79EFBC}") = "ColdStartChallenge.DriverApp", "ColdStartChallenge.DriverApp\ColdStartChallenge.DriverApp\ColdStartChallenge.DriverApp.csproj", "{C45AFAF3-0FE7-45C9-87CC-5BC4988BE20D}"
EndProject
Global
	GlobalSection(SolutionConfigurationPlatforms) = preSolution
		Debug|Any CPU = Debug|Any CPU
		Debug|ARM = Debug|ARM
		Debug|iPhone = Debug|iPhone
		Debug|iPhoneSimulator = Debug|iPhoneSimulator
		Debug|x64 = Debug|x64
		Debug|x86 = Debug|x86
		Release|Any CPU = Release|Any CPU
		Release|ARM = Release|ARM
		Release|iPhone = Release|iPhone
		Release|iPhoneSimulator = Release|iPhoneSimulator
		Release|x64 = Release|x64
		Release|x86 = Release|x86
	EndGlobalSection
	GlobalSection(ProjectConfigurationPlatforms) = postSolution
		{5E02DF0D-0FBD-482D-931A-6EE66E068F51}.Debug|Any CPU.ActiveCfg = Debug|x86
		{5E02DF0D-0FBD-482D-931A-6EE66E068F51}.Debug|Any CPU.Build.0 = Debug|x86
		{5E02DF0D-0FBD-482D-931A-6EE66E068F51}.Debug|Any CPU.Deploy.0 = Debug|x86
		{5E02DF0D-0FBD-482D-931A-6EE66E068F51}.Debug|ARM.ActiveCfg = Debug|ARM
		{5E02DF0D-0FBD-482D-931A-6EE66E068F51}.Debug|ARM.Build.0 = Debug|ARM
		{5E02DF0D-0FBD-482D-931A-6EE66E068F51}.Debug|ARM.Deploy.0 = Debug|ARM
		{5E02DF0D-0FBD-482D-931A-6EE66E068F51}.Debug|iPhone.ActiveCfg = Debug|x86
		{5E02DF0D-0FBD-482D-931A-6EE66E068F51}.Debug|iPhone.Build.0 = Debug|x86
		{5E02DF0D-0FBD-482D-931A-6EE66E068F51}.Debug|iPhone.Deploy.0 = Debug|x86
		{5E02DF0D-0FBD-482D-931A-6EE66E068F51}.Debug|iPhoneSimulator.ActiveCfg = Debug|x86
		{5E02DF0D-0FBD-482D-931A-6EE66E068F51}.Debug|iPhoneSimulator.Build.0 = Debug|x86
		{5E02DF0D-0FBD-482D-931A-6EE66E068F51}.Debug|iPhoneSimulator.Deploy.0 = Debug|x86
		{5E02DF0D-0FBD-482D-931A-6EE66E068F51}.Debug|x64.ActiveCfg = Debug|x64
		{5E02DF0D-0FBD-482D-931A-6EE66E068F51}.Debug|x64.Build.0 = Debug|x64
		{5E02DF0D-0FBD-482D-931A-6EE66E068F51}.Debug|x64.Deploy.0 = Debug|x64
		{5E02DF0D-0FBD-482D-931A-6EE66E068F51}.Debug|x86.ActiveCfg = Debug|x86
		{5E02DF0D-0FBD-482D-931A-6EE66E068F51}.Debug|x86.Build.0 = Debug|x86
		{5E02DF0D-0FBD-482D-931A-6EE66E068F51}.Debug|x86.Deploy.0 = Debug|x86
		{5E02DF0D-0FBD-482D-931A-6EE66E068F51}.Release|Any CPU.ActiveCfg = Release|x86
		{5E02DF0D-0FBD-482D-931A-6EE66E068F51}.Release|Any CPU.Build.0 = Release|x86
		{5E02DF0D-0FBD-482D-931A-6EE66E068F51}.Release|Any CPU.Deploy.0 = Release|x86
		{5E02DF0D-0FBD-482D-931A-6EE66E068F51}.Release|ARM.ActiveCfg = Release|ARM
		{5E02DF0D-0FBD-482D-931A-6EE66E068F51}.Release|ARM.Build.0 = Release|ARM
		{5E02DF0D-0FBD-482D-931A-6EE66E068F51}.Release|ARM.Deploy.0 = Release|ARM
		{5E02DF0D-0FBD-482D-931A-6EE66E068F51}.Release|iPhone.ActiveCfg = Release|x86
		{5E02DF0D-0FBD-482D-931A-6EE66E068F51}.Release|iPhone.Build.0 = Release|x86
		{5E02DF0D-0FBD-482D-931A-6EE66E068F51}.Release|iPhone.Deploy.0 = Release|x86
		{5E02DF0D-0FBD-482D-931A-6EE66E068F51}.Release|iPhoneSimulator.ActiveCfg = Release|x86
		{5E02DF0D-0FBD-482D-931A-6EE66E068F51}.Release|iPhoneSimulator.Build.0 = Release|x86
		{5E02DF0D-0FBD-482D-931A-6EE66E068F51}.Release|iPhoneSimulator.Deploy.0 = Release|x86
		{5E02DF0D-0FBD-482D-931A-6EE66E068F51}.Release|x64.ActiveCfg = Release|x64
		{5E02DF0D-0FBD-482D-931A-6EE66E068F51}.Release|x64.Build.0 = Release|x64
		{5E02DF0D-0FBD-482D-931A-6EE66E068F51}.Release|x64.Deploy.0 = Release|x64
		{5E02DF0D-0FBD-482D-931A-6EE66E068F51}.Release|x86.ActiveCfg = Release|x86
		{5E02DF0D-0FBD-482D-931A-6EE66E068F51}.Release|x86.Build.0 = Release|x86
		{5E02DF0D-0FBD-482D-931A-6EE66E068F51}.Release|x86.Deploy.0 = Release|x86
		{DB65709E-741B-40C0-BAEF-F9B0F0D38A6E}.Debug|Any CPU.ActiveCfg = Debug|Any CPU
		{DB65709E-741B-40C0-BAEF-F9B0F0D38A6E}.Debug|Any CPU.Build.0 = Debug|Any CPU
		{DB65709E-741B-40C0-BAEF-F9B0F0D38A6E}.Debug|Any CPU.Deploy.0 = Debug|Any CPU
		{DB65709E-741B-40C0-BAEF-F9B0F0D38A6E}.Debug|ARM.ActiveCfg = Debug|Any CPU
		{DB65709E-741B-40C0-BAEF-F9B0F0D38A6E}.Debug|ARM.Build.0 = Debug|Any CPU
		{DB65709E-741B-40C0-BAEF-F9B0F0D38A6E}.Debug|ARM.Deploy.0 = Debug|Any CPU
		{DB65709E-741B-40C0-BAEF-F9B0F0D38A6E}.Debug|iPhone.ActiveCfg = Debug|Any CPU
		{DB65709E-741B-40C0-BAEF-F9B0F0D38A6E}.Debug|iPhone.Build.0 = Debug|Any CPU
		{DB65709E-741B-40C0-BAEF-F9B0F0D38A6E}.Debug|iPhone.Deploy.0 = Debug|Any CPU
		{DB65709E-741B-40C0-BAEF-F9B0F0D38A6E}.Debug|iPhoneSimulator.ActiveCfg = Debug|Any CPU
		{DB65709E-741B-40C0-BAEF-F9B0F0D38A6E}.Debug|iPhoneSimulator.Build.0 = Debug|Any CPU
		{DB65709E-741B-40C0-BAEF-F9B0F0D38A6E}.Debug|iPhoneSimulator.Deploy.0 = Debug|Any CPU
		{DB65709E-741B-40C0-BAEF-F9B0F0D38A6E}.Debug|x64.ActiveCfg = Debug|Any CPU
		{DB65709E-741B-40C0-BAEF-F9B0F0D38A6E}.Debug|x64.Build.0 = Debug|Any CPU
		{DB65709E-741B-40C0-BAEF-F9B0F0D38A6E}.Debug|x64.Deploy.0 = Debug|Any CPU
		{DB65709E-741B-40C0-BAEF-F9B0F0D38A6E}.Debug|x86.ActiveCfg = Debug|Any CPU
		{DB65709E-741B-40C0-BAEF-F9B0F0D38A6E}.Debug|x86.Build.0 = Debug|Any CPU
		{DB65709E-741B-40C0-BAEF-F9B0F0D38A6E}.Debug|x86.Deploy.0 = Debug|Any CPU
		{DB65709E-741B-40C0-BAEF-F9B0F0D38A6E}.Release|Any CPU.ActiveCfg = Release|Any CPU
		{DB65709E-741B-40C0-BAEF-F9B0F0D38A6E}.Release|Any CPU.Build.0 = Release|Any CPU
		{DB65709E-741B-40C0-BAEF-F9B0F0D38A6E}.Release|Any CPU.Deploy.0 = Release|Any CPU
		{DB65709E-741B-40C0-BAEF-F9B0F0D38A6E}.Release|ARM.ActiveCfg = Release|Any CPU
		{DB65709E-741B-40C0-BAEF-F9B0F0D38A6E}.Release|ARM.Build.0 = Release|Any CPU
		{DB65709E-741B-40C0-BAEF-F9B0F0D38A6E}.Release|ARM.Deploy.0 = Release|Any CPU
		{DB65709E-741B-40C0-BAEF-F9B0F0D38A6E}.Release|iPhone.ActiveCfg = Release|Any CPU
		{DB65709E-741B-40C0-BAEF-F9B0F0D38A6E}.Release|iPhone.Build.0 = Release|Any CPU
		{DB65709E-741B-40C0-BAEF-F9B0F0D38A6E}.Release|iPhone.Deploy.0 = Release|Any CPU
		{DB65709E-741B-40C0-BAEF-F9B0F0D38A6E}.Release|iPhoneSimulator.ActiveCfg = Release|Any CPU
		{DB65709E-741B-40C0-BAEF-F9B0F0D38A6E}.Release|iPhoneSimulator.Build.0 = Release|Any CPU
		{DB65709E-741B-40C0-BAEF-F9B0F0D38A6E}.Release|iPhoneSimulator.Deploy.0 = Release|Any CPU
		{DB65709E-741B-40C0-BAEF-F9B0F0D38A6E}.Release|x64.ActiveCfg = Release|Any CPU
		{DB65709E-741B-40C0-BAEF-F9B0F0D38A6E}.Release|x64.Build.0 = Release|Any CPU
		{DB65709E-741B-40C0-BAEF-F9B0F0D38A6E}.Release|x64.Deploy.0 = Release|Any CPU
		{DB65709E-741B-40C0-BAEF-F9B0F0D38A6E}.Release|x86.ActiveCfg = Release|Any CPU
		{DB65709E-741B-40C0-BAEF-F9B0F0D38A6E}.Release|x86.Build.0 = Release|Any CPU
		{DB65709E-741B-40C0-BAEF-F9B0F0D38A6E}.Release|x86.Deploy.0 = Release|Any CPU
		{A5CF5937-0B1B-44A1-A589-9938FA4252C3}.Debug|Any CPU.ActiveCfg = Debug|iPhoneSimulator
		{A5CF5937-0B1B-44A1-A589-9938FA4252C3}.Debug|Any CPU.Build.0 = Debug|iPhoneSimulator
		{A5CF5937-0B1B-44A1-A589-9938FA4252C3}.Debug|Any CPU.Deploy.0 = Debug|iPhoneSimulator
		{A5CF5937-0B1B-44A1-A589-9938FA4252C3}.Debug|ARM.ActiveCfg = Debug|iPhone
		{A5CF5937-0B1B-44A1-A589-9938FA4252C3}.Debug|ARM.Build.0 = Debug|iPhone
		{A5CF5937-0B1B-44A1-A589-9938FA4252C3}.Debug|ARM.Deploy.0 = Debug|iPhone
		{A5CF5937-0B1B-44A1-A589-9938FA4252C3}.Debug|iPhone.ActiveCfg = Debug|iPhone
		{A5CF5937-0B1B-44A1-A589-9938FA4252C3}.Debug|iPhone.Build.0 = Debug|iPhone
		{A5CF5937-0B1B-44A1-A589-9938FA4252C3}.Debug|iPhone.Deploy.0 = Debug|iPhone
		{A5CF5937-0B1B-44A1-A589-9938FA4252C3}.Debug|iPhoneSimulator.ActiveCfg = Debug|iPhoneSimulator
		{A5CF5937-0B1B-44A1-A589-9938FA4252C3}.Debug|iPhoneSimulator.Build.0 = Debug|iPhoneSimulator
		{A5CF5937-0B1B-44A1-A589-9938FA4252C3}.Debug|iPhoneSimulator.Deploy.0 = Debug|iPhoneSimulator
		{A5CF5937-0B1B-44A1-A589-9938FA4252C3}.Debug|x64.ActiveCfg = Debug|iPhoneSimulator
		{A5CF5937-0B1B-44A1-A589-9938FA4252C3}.Debug|x64.Build.0 = Debug|iPhoneSimulator
		{A5CF5937-0B1B-44A1-A589-9938FA4252C3}.Debug|x64.Deploy.0 = Debug|iPhoneSimulator
		{A5CF5937-0B1B-44A1-A589-9938FA4252C3}.Debug|x86.ActiveCfg = Debug|iPhoneSimulator
		{A5CF5937-0B1B-44A1-A589-9938FA4252C3}.Debug|x86.Build.0 = Debug|iPhoneSimulator
		{A5CF5937-0B1B-44A1-A589-9938FA4252C3}.Debug|x86.Deploy.0 = Debug|iPhoneSimulator
		{A5CF5937-0B1B-44A1-A589-9938FA4252C3}.Release|Any CPU.ActiveCfg = Release|iPhoneSimulator
		{A5CF5937-0B1B-44A1-A589-9938FA4252C3}.Release|Any CPU.Build.0 = Release|iPhoneSimulator
		{A5CF5937-0B1B-44A1-A589-9938FA4252C3}.Release|Any CPU.Deploy.0 = Release|iPhoneSimulator
		{A5CF5937-0B1B-44A1-A589-9938FA4252C3}.Release|ARM.ActiveCfg = Release|iPhoneSimulator
		{A5CF5937-0B1B-44A1-A589-9938FA4252C3}.Release|ARM.Build.0 = Release|iPhoneSimulator
		{A5CF5937-0B1B-44A1-A589-9938FA4252C3}.Release|ARM.Deploy.0 = Release|iPhoneSimulator
		{A5CF5937-0B1B-44A1-A589-9938FA4252C3}.Release|iPhone.ActiveCfg = Release|iPhone
		{A5CF5937-0B1B-44A1-A589-9938FA4252C3}.Release|iPhone.Build.0 = Release|iPhone
		{A5CF5937-0B1B-44A1-A589-9938FA4252C3}.Release|iPhone.Deploy.0 = Release|iPhone
		{A5CF5937-0B1B-44A1-A589-9938FA4252C3}.Release|iPhoneSimulator.ActiveCfg = Release|iPhoneSimulator
		{A5CF5937-0B1B-44A1-A589-9938FA4252C3}.Release|iPhoneSimulator.Build.0 = Release|iPhoneSimulator
		{A5CF5937-0B1B-44A1-A589-9938FA4252C3}.Release|iPhoneSimulator.Deploy.0 = Release|iPhoneSimulator
		{A5CF5937-0B1B-44A1-A589-9938FA4252C3}.Release|x64.ActiveCfg = Release|iPhoneSimulator
		{A5CF5937-0B1B-44A1-A589-9938FA4252C3}.Release|x64.Build.0 = Release|iPhoneSimulator
		{A5CF5937-0B1B-44A1-A589-9938FA4252C3}.Release|x64.Deploy.0 = Release|iPhoneSimulator
		{A5CF5937-0B1B-44A1-A589-9938FA4252C3}.Release|x86.ActiveCfg = Release|iPhoneSimulator
		{A5CF5937-0B1B-44A1-A589-9938FA4252C3}.Release|x86.Build.0 = Release|iPhoneSimulator
		{A5CF5937-0B1B-44A1-A589-9938FA4252C3}.Release|x86.Deploy.0 = Release|iPhoneSimulator
		{C45AFAF3-0FE7-45C9-87CC-5BC4988BE20D}.Debug|Any CPU.ActiveCfg = Debug|Any CPU
		{C45AFAF3-0FE7-45C9-87CC-5BC4988BE20D}.Debug|Any CPU.Build.0 = Debug|Any CPU
		{C45AFAF3-0FE7-45C9-87CC-5BC4988BE20D}.Debug|Any CPU.Deploy.0 = Debug|Any CPU
		{C45AFAF3-0FE7-45C9-87CC-5BC4988BE20D}.Debug|ARM.ActiveCfg = Debug|Any CPU
		{C45AFAF3-0FE7-45C9-87CC-5BC4988BE20D}.Debug|ARM.Build.0 = Debug|Any CPU
		{C45AFAF3-0FE7-45C9-87CC-5BC4988BE20D}.Debug|ARM.Deploy.0 = Debug|Any CPU
		{C45AFAF3-0FE7-45C9-87CC-5BC4988BE20D}.Debug|iPhone.ActiveCfg = Debug|Any CPU
		{C45AFAF3-0FE7-45C9-87CC-5BC4988BE20D}.Debug|iPhone.Build.0 = Debug|Any CPU
		{C45AFAF3-0FE7-45C9-87CC-5BC4988BE20D}.Debug|iPhone.Deploy.0 = Debug|Any CPU
		{C45AFAF3-0FE7-45C9-87CC-5BC4988BE20D}.Debug|iPhoneSimulator.ActiveCfg = Debug|Any CPU
		{C45AFAF3-0FE7-45C9-87CC-5BC4988BE20D}.Debug|iPhoneSimulator.Build.0 = Debug|Any CPU
		{C45AFAF3-0FE7-45C9-87CC-5BC4988BE20D}.Debug|iPhoneSimulator.Deploy.0 = Debug|Any CPU
		{C45AFAF3-0FE7-45C9-87CC-5BC4988BE20D}.Debug|x64.ActiveCfg = Debug|Any CPU
		{C45AFAF3-0FE7-45C9-87CC-5BC4988BE20D}.Debug|x64.Build.0 = Debug|Any CPU
		{C45AFAF3-0FE7-45C9-87CC-5BC4988BE20D}.Debug|x64.Deploy.0 = Debug|Any CPU
		{C45AFAF3-0FE7-45C9-87CC-5BC4988BE20D}.Debug|x86.ActiveCfg = Debug|Any CPU
		{C45AFAF3-0FE7-45C9-87CC-5BC4988BE20D}.Debug|x86.Build.0 = Debug|Any CPU
		{C45AFAF3-0FE7-45C9-87CC-5BC4988BE20D}.Debug|x86.Deploy.0 = Debug|Any CPU
		{C45AFAF3-0FE7-45C9-87CC-5BC4988BE20D}.Release|Any CPU.ActiveCfg = Release|Any CPU
		{C45AFAF3-0FE7-45C9-87CC-5BC4988BE20D}.Release|Any CPU.Build.0 = Release|Any CPU
		{C45AFAF3-0FE7-45C9-87CC-5BC4988BE20D}.Release|Any CPU.Deploy.0 = Release|Any CPU
		{C45AFAF3-0FE7-45C9-87CC-5BC4988BE20D}.Release|ARM.ActiveCfg = Release|Any CPU
		{C45AFAF3-0FE7-45C9-87CC-5BC4988BE20D}.Release|ARM.Build.0 = Release|Any CPU
		{C45AFAF3-0FE7-45C9-87CC-5BC4988BE20D}.Release|ARM.Deploy.0 = Release|Any CPU
		{C45AFAF3-0FE7-45C9-87CC-5BC4988BE20D}.Release|iPhone.ActiveCfg = Release|Any CPU
		{C45AFAF3-0FE7-45C9-87CC-5BC4988BE20D}.Release|iPhone.Build.0 = Release|Any CPU
		{C45AFAF3-0FE7-45C9-87CC-5BC4988BE20D}.Release|iPhone.Deploy.0 = Release|Any CPU
		{C45AFAF3-0FE7-45C9-87CC-5BC4988BE20D}.Release|iPhoneSimulator.ActiveCfg = Release|Any CPU
		{C45AFAF3-0FE7-45C9-87CC-5BC4988BE20D}.Release|iPhoneSimulator.Build.0 = Release|Any CPU
		{C45AFAF3-0FE7-45C9-87CC-5BC4988BE20D}.Release|iPhoneSimulator.Deploy.0 = Release|Any CPU
		{C45AFAF3-0FE7-45C9-87CC-5BC4988BE20D}.Release|x64.ActiveCfg = Release|Any CPU
		{C45AFAF3-0FE7-45C9-87CC-5BC4988BE20D}.Release|x64.Build.0 = Release|Any CPU
		{C45AFAF3-0FE7-45C9-87CC-5BC4988BE20D}.Release|x64.Deploy.0 = Release|Any CPU
		{C45AFAF3-0FE7-45C9-87CC-5BC4988BE20D}.Release|x86.ActiveCfg = Release|Any CPU
		{C45AFAF3-0FE7-45C9-87CC-5BC4988BE20D}.Release|x86.Build.0 = Release|Any CPU
		{C45AFAF3-0FE7-45C9-87CC-5BC4988BE20D}.Release|x86.Deploy.0 = Release|Any CPU
	EndGlobalSection
	GlobalSection(SolutionProperties) = preSolution
		HideSolutionNode = FALSE
	EndGlobalSection
	GlobalSection(ExtensibilityGlobals) = postSolution
		SolutionGuid = {E60727D2-9D1A-4B17-A9E7-93846E6A3FA0}
	EndGlobalSection
EndGlobal
