
Microsoft Visual Studio Solution File, Format Version 12.00
# Visual Studio Version 16
VisualStudioVersion = 16.0.30907.101
MinimumVisualStudioVersion = 10.0.40219.1
Project("{9A19103F-16F7-4668-BE54-9A1E7A4F7556}") = "ColdStartCustomerSWA", "ColdStartCustomerSWA\ColdStartCustomerSWA.csproj", "{440DEDDE-23C9-4457-B575-EF26EEB7697B}"
EndProject
Project("{9A19103F-16F7-4668-BE54-9A1E7A4F7556}") = "ColdStartCustomerSWA.ComponentsLibrary", "ColdStartCustomer.ComponentsLibrary\ColdStartCustomerSWA.ComponentsLibrary.csproj", "{A6A16C84-A608-49A5-AC4B-D9C3430E2F98}"
EndProject
Project("{9A19103F-16F7-4668-BE54-9A1E7A4F7556}") = "ColdStartCustomerSWA.Shared", "ColdStartCustomerSWA.Shared\ColdStartCustomerSWA.Shared.csproj", "{16FAA34C-99BB-4A5C-834A-E60FCBEEF01C}"
EndProject
Global
	GlobalSection(SolutionConfigurationPlatforms) = preSolution
		Debug|Any CPU = Debug|Any CPU
		Release|Any CPU = Release|Any CPU
	EndGlobalSection
	GlobalSection(ProjectConfigurationPlatforms) = postSolution
		{440DEDDE-23C9-4457-B575-EF26EEB7697B}.Debug|Any CPU.ActiveCfg = Debug|Any CPU
		{440DEDDE-23C9-4457-B575-EF26EEB7697B}.Debug|Any CPU.Build.0 = Debug|Any CPU
		{440DEDDE-23C9-4457-B575-EF26EEB7697B}.Release|Any CPU.ActiveCfg = Release|Any CPU
		{440DEDDE-23C9-4457-B575-EF26EEB7697B}.Release|Any CPU.Build.0 = Release|Any CPU
		{A6A16C84-A608-49A5-AC4B-D9C3430E2F98}.Debug|Any CPU.ActiveCfg = Debug|Any CPU
		{A6A16C84-A608-49A5-AC4B-D9C3430E2F98}.Debug|Any CPU.Build.0 = Debug|Any CPU
		{A6A16C84-A608-49A5-AC4B-D9C3430E2F98}.Release|Any CPU.ActiveCfg = Release|Any CPU
		{A6A16C84-A608-49A5-AC4B-D9C3430E2F98}.Release|Any CPU.Build.0 = Release|Any CPU
		{16FAA34C-99BB-4A5C-834A-E60FCBEEF01C}.Debug|Any CPU.ActiveCfg = Debug|Any CPU
		{16FAA34C-99BB-4A5C-834A-E60FCBEEF01C}.Debug|Any CPU.Build.0 = Debug|Any CPU
		{16FAA34C-99BB-4A5C-834A-E60FCBEEF01C}.Release|Any CPU.ActiveCfg = Release|Any CPU
		{16FAA34C-99BB-4A5C-834A-E60FCBEEF01C}.Release|Any CPU.Build.0 = Release|Any CPU
	EndGlobalSection
	GlobalSection(SolutionProperties) = preSolution
		HideSolutionNode = FALSE
	EndGlobalSection
	GlobalSection(ExtensibilityGlobals) = postSolution
		SolutionGuid = {E6E8C880-E88C-4D32-ABC3-727455265AB1}
	EndGlobalSection
EndGlobal
