
Microsoft Visual Studio Solution File, Format Version 12.00
# Visual Studio Version 16
VisualStudioVersion = 16.0.30413.136
MinimumVisualStudioVersion = 10.0.40219.1
Project("{FAE04EC0-301F-11D3-BF4B-00C04F79EFBC}") = "ColdStart", "ColdStart.csproj", "{DF42035D-BDAA-4897-926D-9716B3FD466E}"
EndProject
Project("{FAE04EC0-301F-11D3-BF4B-00C04F79EFBC}") = "StorageQueue", "..\StorageQueue\StorageQueue.csproj", "{89B5BE56-AD3E-4905-84FB-1413FA938808}"
EndProject
Global
	GlobalSection(SolutionConfigurationPlatforms) = preSolution
		Debug|Any CPU = Debug|Any CPU
		Release|Any CPU = Release|Any CPU
	EndGlobalSection
	GlobalSection(ProjectConfigurationPlatforms) = postSolution
		{DF42035D-BDAA-4897-926D-9716B3FD466E}.Debug|Any CPU.ActiveCfg = Debug|Any CPU
		{DF42035D-BDAA-4897-926D-9716B3FD466E}.Debug|Any CPU.Build.0 = Debug|Any CPU
		{DF42035D-BDAA-4897-926D-9716B3FD466E}.Release|Any CPU.ActiveCfg = Release|Any CPU
		{DF42035D-BDAA-4897-926D-9716B3FD466E}.Release|Any CPU.Build.0 = Release|Any CPU
		{89B5BE56-AD3E-4905-84FB-1413FA938808}.Debug|Any CPU.ActiveCfg = Debug|Any CPU
		{89B5BE56-AD3E-4905-84FB-1413FA938808}.Debug|Any CPU.Build.0 = Debug|Any CPU
		{89B5BE56-AD3E-4905-84FB-1413FA938808}.Release|Any CPU.ActiveCfg = Release|Any CPU
		{89B5BE56-AD3E-4905-84FB-1413FA938808}.Release|Any CPU.Build.0 = Release|Any CPU
	EndGlobalSection
	GlobalSection(SolutionProperties) = preSolution
		HideSolutionNode = FALSE
	EndGlobalSection
	GlobalSection(ExtensibilityGlobals) = postSolution
		SolutionGuid = {BAB32643-A090-4A13-8121-6D217AC03B39}
	EndGlobalSection
EndGlobal
